// !$*UTF8*$!
{
	archiveVersion = 1;
	classes = {
	};
	objectVersion = 50;
	objects = {

/* Begin PBXBuildFile section */
		099078A5DDC288D3AB120013 /* libPods-x5gon-mobile.a in Frameworks */ = {isa = PBXBuildFile; fileRef = 855071D7BC1DED7D2BB41C4F /* libPods-x5gon-mobile.a */; };
		A89C6B54FDFF9816A88AF130 /* libPods-x5gon-mobileTests.a in Frameworks */ = {isa = PBXBuildFile; fileRef = EE69974D670D2716EDF8A4EF /* libPods-x5gon-mobileTests.a */; };
		CD00457923E4E76A009CA522 /* PDF.swift in Sources */ = {isa = PBXBuildFile; fileRef = CD00457823E4E76A009CA522 /* PDF.swift */; };
		CD00457B23E4E7AD009CA522 /* Content.swift in Sources */ = {isa = PBXBuildFile; fileRef = CD00457A23E4E7AD009CA522 /* Content.swift */; };
		CD0175332403103A0081A9AC /* playerNavigationView.swift in Sources */ = {isa = PBXBuildFile; fileRef = CD0175322403103A0081A9AC /* playerNavigationView.swift */; };
		CD2D76F823F35D030031E3F1 /* Playlist.swift in Sources */ = {isa = PBXBuildFile; fileRef = CD2D76F723F35D030031E3F1 /* Playlist.swift */; };
		CD318CAB23E78AFA0091017B /* Environment.swift in Sources */ = {isa = PBXBuildFile; fileRef = CD318CAA23E78AFA0091017B /* Environment.swift */; };
		CD42D68F23F751D40048ADC5 /* TabBarCellCollectionViewCell.swift in Sources */ = {isa = PBXBuildFile; fileRef = CD42D68E23F751D40048ADC5 /* TabBarCellCollectionViewCell.swift */; };
		CD43130F23F9FA3400B5C620 /* X5GONAPIAdapter.swift in Sources */ = {isa = PBXBuildFile; fileRef = CD43130E23F9FA3400B5C620 /* X5GONAPIAdapter.swift */; };
		CD43131123F9FBFC00B5C620 /* X5LearnAdapter.swift in Sources */ = {isa = PBXBuildFile; fileRef = CD43131023F9FBFC00B5C620 /* X5LearnAdapter.swift */; };
		CD48FAA223F80253004415E7 /* userHeaderCell.swift in Sources */ = {isa = PBXBuildFile; fileRef = CD48FAA123F80253004415E7 /* userHeaderCell.swift */; };
		CD48FAA423F8026F004415E7 /* userMenuCell.swift in Sources */ = {isa = PBXBuildFile; fileRef = CD48FAA323F8026F004415E7 /* userMenuCell.swift */; };
		CD48FAA623F8027E004415E7 /* userPlaylistCell.swift in Sources */ = {isa = PBXBuildFile; fileRef = CD48FAA523F8027E004415E7 /* userPlaylistCell.swift */; };
		CD70063124093A1C00FB6135 /* UserHistoryView.swift in Sources */ = {isa = PBXBuildFile; fileRef = CD70063024093A1C00FB6135 /* UserHistoryView.swift */; };
		CD7CBA3D23E96E1E003BF035 /* notesCell.swift in Sources */ = {isa = PBXBuildFile; fileRef = CD7CBA3C23E96E1E003BF035 /* notesCell.swift */; };
		CDA5D0AA23F3736200AA6902 /* API.swift in Sources */ = {isa = PBXBuildFile; fileRef = CDA5D0A823F3736200AA6902 /* API.swift */; };
		CDA5D0AB23F3736200AA6902 /* APIAdapter.swift in Sources */ = {isa = PBXBuildFile; fileRef = CDA5D0A923F3736200AA6902 /* APIAdapter.swift */; };
		CDC6643323F45536009A08FF /* MainController.swift in Sources */ = {isa = PBXBuildFile; fileRef = CDC6643223F45536009A08FF /* MainController.swift */; };
		CDCC851B240C8B1B001DB380 /* SubscriptionsChannelViewCell.swift in Sources */ = {isa = PBXBuildFile; fileRef = CDCC8519240C8B1B001DB380 /* SubscriptionsChannelViewCell.swift */; };
		CDCC851C240C8B1B001DB380 /* SubscriptionsCell.swift in Sources */ = {isa = PBXBuildFile; fileRef = CDCC851A240C8B1B001DB380 /* SubscriptionsCell.swift */; };
		CDDB99D5240593E900B79460 /* Wiki.swift in Sources */ = {isa = PBXBuildFile; fileRef = CDDB99D4240593E900B79460 /* Wiki.swift */; };
		CDDB99D72405941A00B79460 /* WikiChunk.swift in Sources */ = {isa = PBXBuildFile; fileRef = CDDB99D62405941A00B79460 /* WikiChunk.swift */; };
		CDDB99D92405943300B79460 /* WikiEntity.swift in Sources */ = {isa = PBXBuildFile; fileRef = CDDB99D82405943300B79460 /* WikiEntity.swift */; };
		CDDDD6D623F0B4E5003C1EE5 /* LoginView.swift in Sources */ = {isa = PBXBuildFile; fileRef = CDDDD6D523F0B4E5003C1EE5 /* LoginView.swift */; };
		CDE92D9023E5D396004BB8BF /* ContentCell.swift in Sources */ = {isa = PBXBuildFile; fileRef = CDE92D8F23E5D396004BB8BF /* ContentCell.swift */; };
		CDE92D9223E5D3CE004BB8BF /* headerCell.swift in Sources */ = {isa = PBXBuildFile; fileRef = CDE92D9123E5D3CE004BB8BF /* headerCell.swift */; };
		CDE92D9523E5D42D004BB8BF /* suggestionContentCell.swift in Sources */ = {isa = PBXBuildFile; fileRef = CDE92D9423E5D42D004BB8BF /* suggestionContentCell.swift */; };
		CDE92D9723E5D49D004BB8BF /* Channel.swift in Sources */ = {isa = PBXBuildFile; fileRef = CDE92D9623E5D49D004BB8BF /* Channel.swift */; };
		CDFD3BEC23CC784C000FCEF6 /* AppDelegate.swift in Sources */ = {isa = PBXBuildFile; fileRef = CDFD3BEB23CC784C000FCEF6 /* AppDelegate.swift */; };
		CDFD3BF223CC7853000FCEF6 /* Assets.xcassets in Resources */ = {isa = PBXBuildFile; fileRef = CDFD3BF123CC7853000FCEF6 /* Assets.xcassets */; };
		CDFD3BF523CC7853000FCEF6 /* Preview Assets.xcassets in Resources */ = {isa = PBXBuildFile; fileRef = CDFD3BF423CC7853000FCEF6 /* Preview Assets.xcassets */; };
		CDFD3C0323CC7854000FCEF6 /* x5gon_mobileTests.swift in Sources */ = {isa = PBXBuildFile; fileRef = CDFD3C0223CC7854000FCEF6 /* x5gon_mobileTests.swift */; };
		CDFD3C0E23CC7854000FCEF6 /* x5gon_mobileUITests.swift in Sources */ = {isa = PBXBuildFile; fileRef = CDFD3C0D23CC7854000FCEF6 /* x5gon_mobileUITests.swift */; };
		CDFD3C1C23CC78B4000FCEF6 /* Main.storyboard in Resources */ = {isa = PBXBuildFile; fileRef = CDFD3C1B23CC78B4000FCEF6 /* Main.storyboard */; };
		CDFD3C2E23CC7986000FCEF6 /* NavViewController.swift in Sources */ = {isa = PBXBuildFile; fileRef = CDFD3C2C23CC7986000FCEF6 /* NavViewController.swift */; };
		CDFD3C2F23CC7986000FCEF6 /* MainViewController.swift in Sources */ = {isa = PBXBuildFile; fileRef = CDFD3C2D23CC7986000FCEF6 /* MainViewController.swift */; };
		CDFD3C3123CC79F0000FCEF6 /* HomeViewController.swift in Sources */ = {isa = PBXBuildFile; fileRef = CDFD3C3023CC79F0000FCEF6 /* HomeViewController.swift */; };
		CDFD3C3323CC7BEE000FCEF6 /* FeaturedViewController.swift in Sources */ = {isa = PBXBuildFile; fileRef = CDFD3C3223CC7BEE000FCEF6 /* FeaturedViewController.swift */; };
		CDFD3C3923CC7C3F000FCEF6 /* UserViewController.swift in Sources */ = {isa = PBXBuildFile; fileRef = CDFD3C3823CC7C3F000FCEF6 /* UserViewController.swift */; };
		CDFD3C3C23CC7C75000FCEF6 /* PlayerView.swift in Sources */ = {isa = PBXBuildFile; fileRef = CDFD3C3B23CC7C75000FCEF6 /* PlayerView.swift */; };
		CDFD3C3E23CC7C8E000FCEF6 /* TabBarView.swift in Sources */ = {isa = PBXBuildFile; fileRef = CDFD3C3D23CC7C8E000FCEF6 /* TabBarView.swift */; };
		CDFD3C4023CC7C9F000FCEF6 /* SearchView.swift in Sources */ = {isa = PBXBuildFile; fileRef = CDFD3C3F23CC7C9F000FCEF6 /* SearchView.swift */; };
		CDFD3C4223CC7CBD000FCEF6 /* SettingsView.swift in Sources */ = {isa = PBXBuildFile; fileRef = CDFD3C4123CC7CBD000FCEF6 /* SettingsView.swift */; };
		CDFD3C4523CC7CEA000FCEF6 /* Extensions.swift in Sources */ = {isa = PBXBuildFile; fileRef = CDFD3C4423CC7CEA000FCEF6 /* Extensions.swift */; };
		CDFD3C4823CC7D15000FCEF6 /* User.swift in Sources */ = {isa = PBXBuildFile; fileRef = CDFD3C4723CC7D15000FCEF6 /* User.swift */; };
		CDFD3C4A23CC7D64000FCEF6 /* Video.swift in Sources */ = {isa = PBXBuildFile; fileRef = CDFD3C4923CC7D64000FCEF6 /* Video.swift */; };
		CDFD3C5123CC869F000FCEF6 /* SearchResultsViewController.swift in Sources */ = {isa = PBXBuildFile; fileRef = CDFD3C5023CC869F000FCEF6 /* SearchResultsViewController.swift */; };
		CDFD3C5523CC8AB0000FCEF6 /* LaunchView.xib in Resources */ = {isa = PBXBuildFile; fileRef = CDFD3C5423CC8AB0000FCEF6 /* LaunchView.xib */; };
		CDFD6CF92409D237005C4D8F /* userHistoryViewCell.swift in Sources */ = {isa = PBXBuildFile; fileRef = CDFD6CF82409D237005C4D8F /* userHistoryViewCell.swift */; };
		DCA928D92429565000A40E85 /* testUserModel.swift in Sources */ = {isa = PBXBuildFile; fileRef = DCA928D82429565000A40E85 /* testUserModel.swift */; };
		DCA928DB24295DB800A40E85 /* testVideoModel.swift in Sources */ = {isa = PBXBuildFile; fileRef = DCA928DA24295DB800A40E85 /* testVideoModel.swift */; };
		DCA928DD2429655100A40E85 /* testContentModel.swift in Sources */ = {isa = PBXBuildFile; fileRef = DCA928DC2429655100A40E85 /* testContentModel.swift */; };
		DCA928DF242970C700A40E85 /* testPdfModel.swift in Sources */ = {isa = PBXBuildFile; fileRef = DCA928DE242970C700A40E85 /* testPdfModel.swift */; };
		DCA928E12429720900A40E85 /* testWikiEntity.swift in Sources */ = {isa = PBXBuildFile; fileRef = DCA928E02429720900A40E85 /* testWikiEntity.swift */; };
		DCA928E3242973FB00A40E85 /* testChannelModel.swift in Sources */ = {isa = PBXBuildFile; fileRef = DCA928E2242973FB00A40E85 /* testChannelModel.swift */; };
		DCA928E52429785A00A40E85 /* testPlaylistModel.swift in Sources */ = {isa = PBXBuildFile; fileRef = DCA928E42429785A00A40E85 /* testPlaylistModel.swift */; };
		DCA928EB24298C6400A40E85 /* testAPI.swift in Sources */ = {isa = PBXBuildFile; fileRef = DCA928EA24298C6400A40E85 /* testAPI.swift */; };
		DCA928ED242993F200A40E85 /* testX5GONApiAdapter.swift in Sources */ = {isa = PBXBuildFile; fileRef = DCA928EC242993F200A40E85 /* testX5GONApiAdapter.swift */; };
		DCA928EF2429986300A40E85 /* testX5LearnAPIAdapter.swift in Sources */ = {isa = PBXBuildFile; fileRef = DCA928EE2429986300A40E85 /* testX5LearnAPIAdapter.swift */; };
/* End PBXBuildFile section */

/* Begin PBXContainerItemProxy section */
		CDFD3BFF23CC7854000FCEF6 /* PBXContainerItemProxy */ = {
			isa = PBXContainerItemProxy;
			containerPortal = CDFD3BE023CC784C000FCEF6 /* Project object */;
			proxyType = 1;
			remoteGlobalIDString = CDFD3BE723CC784C000FCEF6;
			remoteInfo = "x5gon-mobile";
		};
		CDFD3C0A23CC7854000FCEF6 /* PBXContainerItemProxy */ = {
			isa = PBXContainerItemProxy;
			containerPortal = CDFD3BE023CC784C000FCEF6 /* Project object */;
			proxyType = 1;
			remoteGlobalIDString = CDFD3BE723CC784C000FCEF6;
			remoteInfo = "x5gon-mobile";
		};
/* End PBXContainerItemProxy section */

/* Begin PBXFileReference section */
		01FEECE77A4C8C131A415A86 /* Pods-x5gon-mobile.debug.xcconfig */ = {isa = PBXFileReference; includeInIndex = 1; lastKnownFileType = text.xcconfig; name = "Pods-x5gon-mobile.debug.xcconfig"; path = "Target Support Files/Pods-x5gon-mobile/Pods-x5gon-mobile.debug.xcconfig"; sourceTree = "<group>"; };
		855071D7BC1DED7D2BB41C4F /* libPods-x5gon-mobile.a */ = {isa = PBXFileReference; explicitFileType = archive.ar; includeInIndex = 0; path = "libPods-x5gon-mobile.a"; sourceTree = BUILT_PRODUCTS_DIR; };
		891E09ECB864124D84DBEF15 /* Pods-x5gon-mobileTests.debug.xcconfig */ = {isa = PBXFileReference; includeInIndex = 1; lastKnownFileType = text.xcconfig; name = "Pods-x5gon-mobileTests.debug.xcconfig"; path = "Target Support Files/Pods-x5gon-mobileTests/Pods-x5gon-mobileTests.debug.xcconfig"; sourceTree = "<group>"; };
		99BCE8FA627D1E8B4FCB577C /* Pods-x5gon-mobile.release.xcconfig */ = {isa = PBXFileReference; includeInIndex = 1; lastKnownFileType = text.xcconfig; name = "Pods-x5gon-mobile.release.xcconfig"; path = "Target Support Files/Pods-x5gon-mobile/Pods-x5gon-mobile.release.xcconfig"; sourceTree = "<group>"; };
		C50182675ACCFEE026BA5645 /* Pods-x5gon-mobileTests.release.xcconfig */ = {isa = PBXFileReference; includeInIndex = 1; lastKnownFileType = text.xcconfig; name = "Pods-x5gon-mobileTests.release.xcconfig"; path = "Target Support Files/Pods-x5gon-mobileTests/Pods-x5gon-mobileTests.release.xcconfig"; sourceTree = "<group>"; };
		CD00457823E4E76A009CA522 /* PDF.swift */ = {isa = PBXFileReference; lastKnownFileType = sourcecode.swift; path = PDF.swift; sourceTree = "<group>"; };
		CD00457A23E4E7AD009CA522 /* Content.swift */ = {isa = PBXFileReference; lastKnownFileType = sourcecode.swift; path = Content.swift; sourceTree = "<group>"; };
		CD0175322403103A0081A9AC /* playerNavigationView.swift */ = {isa = PBXFileReference; lastKnownFileType = sourcecode.swift; path = playerNavigationView.swift; sourceTree = "<group>"; };
		CD2D76F723F35D030031E3F1 /* Playlist.swift */ = {isa = PBXFileReference; lastKnownFileType = sourcecode.swift; path = Playlist.swift; sourceTree = "<group>"; };
		CD318CAA23E78AFA0091017B /* Environment.swift */ = {isa = PBXFileReference; lastKnownFileType = sourcecode.swift; path = Environment.swift; sourceTree = "<group>"; };
		CD35243324006EB70041034E /* Info.plist */ = {isa = PBXFileReference; fileEncoding = 4; lastKnownFileType = text.plist.xml; path = Info.plist; sourceTree = "<group>"; };
		CD42D68E23F751D40048ADC5 /* TabBarCellCollectionViewCell.swift */ = {isa = PBXFileReference; fileEncoding = 4; lastKnownFileType = sourcecode.swift; name = TabBarCellCollectionViewCell.swift; path = "x5gon-mobile/ViewControllers/MainViews/TabBarViewCells/TabBarCellCollectionViewCell.swift"; sourceTree = SOURCE_ROOT; };
		CD43130E23F9FA3400B5C620 /* X5GONAPIAdapter.swift */ = {isa = PBXFileReference; lastKnownFileType = sourcecode.swift; path = X5GONAPIAdapter.swift; sourceTree = "<group>"; };
		CD43131023F9FBFC00B5C620 /* X5LearnAdapter.swift */ = {isa = PBXFileReference; lastKnownFileType = sourcecode.swift; path = X5LearnAdapter.swift; sourceTree = "<group>"; };
		CD48FAA123F80253004415E7 /* userHeaderCell.swift */ = {isa = PBXFileReference; lastKnownFileType = sourcecode.swift; path = userHeaderCell.swift; sourceTree = "<group>"; };
		CD48FAA323F8026F004415E7 /* userMenuCell.swift */ = {isa = PBXFileReference; lastKnownFileType = sourcecode.swift; path = userMenuCell.swift; sourceTree = "<group>"; };
		CD48FAA523F8027E004415E7 /* userPlaylistCell.swift */ = {isa = PBXFileReference; lastKnownFileType = sourcecode.swift; path = userPlaylistCell.swift; sourceTree = "<group>"; };
		CD70063024093A1C00FB6135 /* UserHistoryView.swift */ = {isa = PBXFileReference; lastKnownFileType = sourcecode.swift; path = UserHistoryView.swift; sourceTree = "<group>"; };
		CD7CBA3C23E96E1E003BF035 /* notesCell.swift */ = {isa = PBXFileReference; lastKnownFileType = sourcecode.swift; path = notesCell.swift; sourceTree = "<group>"; };
		CDA5D0A823F3736200AA6902 /* API.swift */ = {isa = PBXFileReference; fileEncoding = 4; lastKnownFileType = sourcecode.swift; path = API.swift; sourceTree = "<group>"; };
		CDA5D0A923F3736200AA6902 /* APIAdapter.swift */ = {isa = PBXFileReference; fileEncoding = 4; lastKnownFileType = sourcecode.swift; path = APIAdapter.swift; sourceTree = "<group>"; };
		CDC6643223F45536009A08FF /* MainController.swift */ = {isa = PBXFileReference; lastKnownFileType = sourcecode.swift; path = MainController.swift; sourceTree = "<group>"; };
		CDCC8519240C8B1B001DB380 /* SubscriptionsChannelViewCell.swift */ = {isa = PBXFileReference; fileEncoding = 4; lastKnownFileType = sourcecode.swift; path = SubscriptionsChannelViewCell.swift; sourceTree = "<group>"; };
		CDCC851A240C8B1B001DB380 /* SubscriptionsCell.swift */ = {isa = PBXFileReference; fileEncoding = 4; lastKnownFileType = sourcecode.swift; path = SubscriptionsCell.swift; sourceTree = "<group>"; };
		CDDB99D4240593E900B79460 /* Wiki.swift */ = {isa = PBXFileReference; lastKnownFileType = sourcecode.swift; path = Wiki.swift; sourceTree = "<group>"; };
		CDDB99D62405941A00B79460 /* WikiChunk.swift */ = {isa = PBXFileReference; lastKnownFileType = sourcecode.swift; path = WikiChunk.swift; sourceTree = "<group>"; };
		CDDB99D82405943300B79460 /* WikiEntity.swift */ = {isa = PBXFileReference; lastKnownFileType = sourcecode.swift; path = WikiEntity.swift; sourceTree = "<group>"; };
		CDDDD6D523F0B4E5003C1EE5 /* LoginView.swift */ = {isa = PBXFileReference; lastKnownFileType = sourcecode.swift; path = LoginView.swift; sourceTree = "<group>"; };
		CDE92D8F23E5D396004BB8BF /* ContentCell.swift */ = {isa = PBXFileReference; lastKnownFileType = sourcecode.swift; path = ContentCell.swift; sourceTree = "<group>"; };
		CDE92D9123E5D3CE004BB8BF /* headerCell.swift */ = {isa = PBXFileReference; lastKnownFileType = sourcecode.swift; path = headerCell.swift; sourceTree = "<group>"; };
		CDE92D9423E5D42D004BB8BF /* suggestionContentCell.swift */ = {isa = PBXFileReference; lastKnownFileType = sourcecode.swift; path = suggestionContentCell.swift; sourceTree = "<group>"; };
		CDE92D9623E5D49D004BB8BF /* Channel.swift */ = {isa = PBXFileReference; lastKnownFileType = sourcecode.swift; path = Channel.swift; sourceTree = "<group>"; };
		CDFD3BE823CC784C000FCEF6 /* x5gon-mobile.app */ = {isa = PBXFileReference; explicitFileType = wrapper.application; includeInIndex = 0; path = "x5gon-mobile.app"; sourceTree = BUILT_PRODUCTS_DIR; };
		CDFD3BEB23CC784C000FCEF6 /* AppDelegate.swift */ = {isa = PBXFileReference; lastKnownFileType = sourcecode.swift; path = AppDelegate.swift; sourceTree = "<group>"; };
		CDFD3BF123CC7853000FCEF6 /* Assets.xcassets */ = {isa = PBXFileReference; lastKnownFileType = folder.assetcatalog; path = Assets.xcassets; sourceTree = "<group>"; };
		CDFD3BF423CC7853000FCEF6 /* Preview Assets.xcassets */ = {isa = PBXFileReference; lastKnownFileType = folder.assetcatalog; path = "Preview Assets.xcassets"; sourceTree = "<group>"; };
		CDFD3BFE23CC7854000FCEF6 /* x5gon-mobileTests.xctest */ = {isa = PBXFileReference; explicitFileType = wrapper.cfbundle; includeInIndex = 0; path = "x5gon-mobileTests.xctest"; sourceTree = BUILT_PRODUCTS_DIR; };
		CDFD3C0223CC7854000FCEF6 /* x5gon_mobileTests.swift */ = {isa = PBXFileReference; lastKnownFileType = sourcecode.swift; path = x5gon_mobileTests.swift; sourceTree = "<group>"; };
		CDFD3C0423CC7854000FCEF6 /* Info.plist */ = {isa = PBXFileReference; lastKnownFileType = text.plist.xml; path = Info.plist; sourceTree = "<group>"; };
		CDFD3C0923CC7854000FCEF6 /* x5gon-mobileUITests.xctest */ = {isa = PBXFileReference; explicitFileType = wrapper.cfbundle; includeInIndex = 0; path = "x5gon-mobileUITests.xctest"; sourceTree = BUILT_PRODUCTS_DIR; };
		CDFD3C0D23CC7854000FCEF6 /* x5gon_mobileUITests.swift */ = {isa = PBXFileReference; lastKnownFileType = sourcecode.swift; path = x5gon_mobileUITests.swift; sourceTree = "<group>"; };
		CDFD3C0F23CC7854000FCEF6 /* Info.plist */ = {isa = PBXFileReference; lastKnownFileType = text.plist.xml; path = Info.plist; sourceTree = "<group>"; };
		CDFD3C1B23CC78B4000FCEF6 /* Main.storyboard */ = {isa = PBXFileReference; fileEncoding = 4; lastKnownFileType = file.storyboard; path = Main.storyboard; sourceTree = "<group>"; };
		CDFD3C2C23CC7986000FCEF6 /* NavViewController.swift */ = {isa = PBXFileReference; fileEncoding = 4; lastKnownFileType = sourcecode.swift; path = NavViewController.swift; sourceTree = "<group>"; };
		CDFD3C2D23CC7986000FCEF6 /* MainViewController.swift */ = {isa = PBXFileReference; fileEncoding = 4; lastKnownFileType = sourcecode.swift; path = MainViewController.swift; sourceTree = "<group>"; };
		CDFD3C3023CC79F0000FCEF6 /* HomeViewController.swift */ = {isa = PBXFileReference; lastKnownFileType = sourcecode.swift; path = HomeViewController.swift; sourceTree = "<group>"; };
		CDFD3C3223CC7BEE000FCEF6 /* FeaturedViewController.swift */ = {isa = PBXFileReference; lastKnownFileType = sourcecode.swift; path = FeaturedViewController.swift; sourceTree = "<group>"; };
		CDFD3C3823CC7C3F000FCEF6 /* UserViewController.swift */ = {isa = PBXFileReference; lastKnownFileType = sourcecode.swift; path = UserViewController.swift; sourceTree = "<group>"; };
		CDFD3C3B23CC7C75000FCEF6 /* PlayerView.swift */ = {isa = PBXFileReference; lastKnownFileType = sourcecode.swift; path = PlayerView.swift; sourceTree = "<group>"; };
		CDFD3C3D23CC7C8E000FCEF6 /* TabBarView.swift */ = {isa = PBXFileReference; lastKnownFileType = sourcecode.swift; path = TabBarView.swift; sourceTree = "<group>"; };
		CDFD3C3F23CC7C9F000FCEF6 /* SearchView.swift */ = {isa = PBXFileReference; lastKnownFileType = sourcecode.swift; path = SearchView.swift; sourceTree = "<group>"; };
		CDFD3C4123CC7CBD000FCEF6 /* SettingsView.swift */ = {isa = PBXFileReference; lastKnownFileType = sourcecode.swift; path = SettingsView.swift; sourceTree = "<group>"; };
		CDFD3C4423CC7CEA000FCEF6 /* Extensions.swift */ = {isa = PBXFileReference; lastKnownFileType = sourcecode.swift; path = Extensions.swift; sourceTree = "<group>"; };
		CDFD3C4723CC7D15000FCEF6 /* User.swift */ = {isa = PBXFileReference; lastKnownFileType = sourcecode.swift; path = User.swift; sourceTree = "<group>"; };
		CDFD3C4923CC7D64000FCEF6 /* Video.swift */ = {isa = PBXFileReference; lastKnownFileType = sourcecode.swift; path = Video.swift; sourceTree = "<group>"; };
		CDFD3C5023CC869F000FCEF6 /* SearchResultsViewController.swift */ = {isa = PBXFileReference; fileEncoding = 4; lastKnownFileType = sourcecode.swift; path = SearchResultsViewController.swift; sourceTree = "<group>"; };
		CDFD3C5423CC8AB0000FCEF6 /* LaunchView.xib */ = {isa = PBXFileReference; fileEncoding = 4; lastKnownFileType = file.xib; path = LaunchView.xib; sourceTree = "<group>"; };
		CDFD6CF82409D237005C4D8F /* userHistoryViewCell.swift */ = {isa = PBXFileReference; lastKnownFileType = sourcecode.swift; path = userHistoryViewCell.swift; sourceTree = "<group>"; };
		DCA928D82429565000A40E85 /* testUserModel.swift */ = {isa = PBXFileReference; lastKnownFileType = sourcecode.swift; path = testUserModel.swift; sourceTree = "<group>"; };
		DCA928DA24295DB800A40E85 /* testVideoModel.swift */ = {isa = PBXFileReference; lastKnownFileType = sourcecode.swift; path = testVideoModel.swift; sourceTree = "<group>"; };
		DCA928DC2429655100A40E85 /* testContentModel.swift */ = {isa = PBXFileReference; lastKnownFileType = sourcecode.swift; path = testContentModel.swift; sourceTree = "<group>"; };
		DCA928DE242970C700A40E85 /* testPdfModel.swift */ = {isa = PBXFileReference; lastKnownFileType = sourcecode.swift; path = testPdfModel.swift; sourceTree = "<group>"; };
		DCA928E02429720900A40E85 /* testWikiEntity.swift */ = {isa = PBXFileReference; lastKnownFileType = sourcecode.swift; path = testWikiEntity.swift; sourceTree = "<group>"; };
		DCA928E2242973FB00A40E85 /* testChannelModel.swift */ = {isa = PBXFileReference; lastKnownFileType = sourcecode.swift; path = testChannelModel.swift; sourceTree = "<group>"; };
		DCA928E42429785A00A40E85 /* testPlaylistModel.swift */ = {isa = PBXFileReference; lastKnownFileType = sourcecode.swift; path = testPlaylistModel.swift; sourceTree = "<group>"; };
		DCA928EA24298C6400A40E85 /* testAPI.swift */ = {isa = PBXFileReference; lastKnownFileType = sourcecode.swift; path = testAPI.swift; sourceTree = "<group>"; };
		DCA928EC242993F200A40E85 /* testX5GONApiAdapter.swift */ = {isa = PBXFileReference; lastKnownFileType = sourcecode.swift; path = testX5GONApiAdapter.swift; sourceTree = "<group>"; };
		DCA928EE2429986300A40E85 /* testX5LearnAPIAdapter.swift */ = {isa = PBXFileReference; lastKnownFileType = sourcecode.swift; path = testX5LearnAPIAdapter.swift; sourceTree = "<group>"; };
		EE69974D670D2716EDF8A4EF /* libPods-x5gon-mobileTests.a */ = {isa = PBXFileReference; explicitFileType = archive.ar; includeInIndex = 0; path = "libPods-x5gon-mobileTests.a"; sourceTree = BUILT_PRODUCTS_DIR; };
/* End PBXFileReference section */

/* Begin PBXFrameworksBuildPhase section */
		CDFD3BE523CC784C000FCEF6 /* Frameworks */ = {
			isa = PBXFrameworksBuildPhase;
			buildActionMask = 2147483647;
			files = (
				099078A5DDC288D3AB120013 /* libPods-x5gon-mobile.a in Frameworks */,
			);
			runOnlyForDeploymentPostprocessing = 0;
		};
		CDFD3BFB23CC7854000FCEF6 /* Frameworks */ = {
			isa = PBXFrameworksBuildPhase;
			buildActionMask = 2147483647;
			files = (
				A89C6B54FDFF9816A88AF130 /* libPods-x5gon-mobileTests.a in Frameworks */,
			);
			runOnlyForDeploymentPostprocessing = 0;
		};
		CDFD3C0623CC7854000FCEF6 /* Frameworks */ = {
			isa = PBXFrameworksBuildPhase;
			buildActionMask = 2147483647;
			files = (
			);
			runOnlyForDeploymentPostprocessing = 0;
		};
/* End PBXFrameworksBuildPhase section */

/* Begin PBXGroup section */
		801724FC8BD4552607CA7A17 /* Pods */ = {
			isa = PBXGroup;
			children = (
				01FEECE77A4C8C131A415A86 /* Pods-x5gon-mobile.debug.xcconfig */,
				99BCE8FA627D1E8B4FCB577C /* Pods-x5gon-mobile.release.xcconfig */,
				891E09ECB864124D84DBEF15 /* Pods-x5gon-mobileTests.debug.xcconfig */,
				C50182675ACCFEE026BA5645 /* Pods-x5gon-mobileTests.release.xcconfig */,
			);
			path = Pods;
			sourceTree = "<group>";
		};
		CD00457C23E4ECFF009CA522 /* Controllers */ = {
			isa = PBXGroup;
			children = (
				CDC6643223F45536009A08FF /* MainController.swift */,
			);
			path = Controllers;
			sourceTree = "<group>";
		};
		CD1A10BB23F63E4500303328 /* MainViews */ = {
			isa = PBXGroup;
			children = (
				CDFD3C2D23CC7986000FCEF6 /* MainViewController.swift */,
				CDFD3C3823CC7C3F000FCEF6 /* UserViewController.swift */,
				CD70063024093A1C00FB6135 /* UserHistoryView.swift */,
				CD48FAA023F80242004415E7 /* UserViewCells */,
				CDFD3C3023CC79F0000FCEF6 /* HomeViewController.swift */,
				CDE92D8F23E5D396004BB8BF /* ContentCell.swift */,
				CDFD6CFA2409D353005C4D8F /* MainViewCells */,
				CDFD3C3223CC7BEE000FCEF6 /* FeaturedViewController.swift */,
				CDFD3C5023CC869F000FCEF6 /* SearchResultsViewController.swift */,
				CDFD3C3D23CC7C8E000FCEF6 /* TabBarView.swift */,
				CD7CBA3E23E99BAF003BF035 /* TabBarViewCells */,
			);
			path = MainViews;
			sourceTree = "<group>";
		};
		CD318CA923E78ADD0091017B /* Environments */ = {
			isa = PBXGroup;
			children = (
				CD318CAA23E78AFA0091017B /* Environment.swift */,
			);
			path = Environments;
			sourceTree = "<group>";
		};
		CD43130D23F9FA1600B5C620 /* APIAdapters */ = {
			isa = PBXGroup;
			children = (
				CD43131023F9FBFC00B5C620 /* X5LearnAdapter.swift */,
				CD43130E23F9FA3400B5C620 /* X5GONAPIAdapter.swift */,
			);
			path = APIAdapters;
			sourceTree = "<group>";
		};
		CD48FAA023F80242004415E7 /* UserViewCells */ = {
			isa = PBXGroup;
			children = (
				CD48FAA123F80253004415E7 /* userHeaderCell.swift */,
				CD48FAA323F8026F004415E7 /* userMenuCell.swift */,
				CD48FAA523F8027E004415E7 /* userPlaylistCell.swift */,
				CDFD6CF82409D237005C4D8F /* userHistoryViewCell.swift */,
			);
			path = UserViewCells;
			sourceTree = "<group>";
		};
		CD7CBA3E23E99BAF003BF035 /* TabBarViewCells */ = {
			isa = PBXGroup;
			children = (
				CD42D68E23F751D40048ADC5 /* TabBarCellCollectionViewCell.swift */,
			);
			name = TabBarViewCells;
			path = ../NavViews/TabBarViewCells;
			sourceTree = "<group>";
		};
		CDC6643123F4550E009A08FF /* APIs */ = {
			isa = PBXGroup;
			children = (
				CDA5D0A923F3736200AA6902 /* APIAdapter.swift */,
				CD43130D23F9FA1600B5C620 /* APIAdapters */,
				CDA5D0A823F3736200AA6902 /* API.swift */,
			);
			path = APIs;
			sourceTree = "<group>";
		};
		CDE92D9323E5D3DC004BB8BF /* PlayerViewCells */ = {
			isa = PBXGroup;
			children = (
				CDE92D9123E5D3CE004BB8BF /* headerCell.swift */,
				CD7CBA3C23E96E1E003BF035 /* notesCell.swift */,
				CDE92D9423E5D42D004BB8BF /* suggestionContentCell.swift */,
				CD0175322403103A0081A9AC /* playerNavigationView.swift */,
			);
			path = PlayerViewCells;
			sourceTree = "<group>";
		};
		CDFD3BDF23CC784C000FCEF6 = {
			isa = PBXGroup;
			children = (
				CDFD3BEA23CC784C000FCEF6 /* x5gon-mobile */,
				CDFD3C0123CC7854000FCEF6 /* x5gon-mobileTests */,
				CDFD3C0C23CC7854000FCEF6 /* x5gon-mobileUITests */,
				CDFD3BE923CC784C000FCEF6 /* Products */,
				801724FC8BD4552607CA7A17 /* Pods */,
				F730808DC8A26C57249C203E /* Frameworks */,
			);
			sourceTree = "<group>";
		};
		CDFD3BE923CC784C000FCEF6 /* Products */ = {
			isa = PBXGroup;
			children = (
				CDFD3BE823CC784C000FCEF6 /* x5gon-mobile.app */,
				CDFD3BFE23CC7854000FCEF6 /* x5gon-mobileTests.xctest */,
				CDFD3C0923CC7854000FCEF6 /* x5gon-mobileUITests.xctest */,
			);
			name = Products;
			sourceTree = "<group>";
		};
		CDFD3BEA23CC784C000FCEF6 /* x5gon-mobile */ = {
			isa = PBXGroup;
			children = (
				CDC6643123F4550E009A08FF /* APIs */,
				CDFD3C4323CC7CDE000FCEF6 /* Extensions */,
				CD318CA923E78ADD0091017B /* Environments */,
				CD00457C23E4ECFF009CA522 /* Controllers */,
				CDFD3C4B23CC7D8B000FCEF6 /* Helpers */,
				CDFD3C4623CC7D02000FCEF6 /* Models */,
				CDFD3C1D23CC78F5000FCEF6 /* ViewControllers */,
				CDFD3C1B23CC78B4000FCEF6 /* Main.storyboard */,
				CDFD3BEB23CC784C000FCEF6 /* AppDelegate.swift */,
				CDFD3BF123CC7853000FCEF6 /* Assets.xcassets */,
				CDFD3BF323CC7853000FCEF6 /* Preview Content */,
			);
			path = "x5gon-mobile";
			sourceTree = "<group>";
		};
		CDFD3BF323CC7853000FCEF6 /* Preview Content */ = {
			isa = PBXGroup;
			children = (
				CDFD3BF423CC7853000FCEF6 /* Preview Assets.xcassets */,
			);
			path = "Preview Content";
			sourceTree = "<group>";
		};
		CDFD3C0123CC7854000FCEF6 /* x5gon-mobileTests */ = {
			isa = PBXGroup;
			children = (
				CDFD3C0223CC7854000FCEF6 /* x5gon_mobileTests.swift */,
				CDFD3C0423CC7854000FCEF6 /* Info.plist */,
				DCA928D82429565000A40E85 /* testUserModel.swift */,
				DCA928DA24295DB800A40E85 /* testVideoModel.swift */,
				DCA928DC2429655100A40E85 /* testContentModel.swift */,
				DCA928DE242970C700A40E85 /* testPdfModel.swift */,
				DCA928E02429720900A40E85 /* testWikiEntity.swift */,
				DCA928E2242973FB00A40E85 /* testChannelModel.swift */,
				DCA928E42429785A00A40E85 /* testPlaylistModel.swift */,
				DCA928EA24298C6400A40E85 /* testAPI.swift */,
				DCA928EC242993F200A40E85 /* testX5GONApiAdapter.swift */,
				DCA928EE2429986300A40E85 /* testX5LearnAPIAdapter.swift */,
			);
			path = "x5gon-mobileTests";
			sourceTree = "<group>";
		};
		CDFD3C0C23CC7854000FCEF6 /* x5gon-mobileUITests */ = {
			isa = PBXGroup;
			children = (
				CDFD3C0D23CC7854000FCEF6 /* x5gon_mobileUITests.swift */,
				CDFD3C0F23CC7854000FCEF6 /* Info.plist */,
			);
			path = "x5gon-mobileUITests";
			sourceTree = "<group>";
		};
		CDFD3C1D23CC78F5000FCEF6 /* ViewControllers */ = {
			isa = PBXGroup;
			children = (
				CD1A10BB23F63E4500303328 /* MainViews */,
				CDFD3C3A23CC7C66000FCEF6 /* NavViews */,
			);
			path = ViewControllers;
			sourceTree = "<group>";
		};
		CDFD3C3A23CC7C66000FCEF6 /* NavViews */ = {
			isa = PBXGroup;
			children = (
				CDFD3C2C23CC7986000FCEF6 /* NavViewController.swift */,
				CDFD3C3B23CC7C75000FCEF6 /* PlayerView.swift */,
				CDE92D9323E5D3DC004BB8BF /* PlayerViewCells */,
				CDFD3C3F23CC7C9F000FCEF6 /* SearchView.swift */,
				CDFD3C4123CC7CBD000FCEF6 /* SettingsView.swift */,
				CDDDD6D523F0B4E5003C1EE5 /* LoginView.swift */,
			);
			path = NavViews;
			sourceTree = "<group>";
		};
		CDFD3C4323CC7CDE000FCEF6 /* Extensions */ = {
			isa = PBXGroup;
			children = (
				CDFD3C4423CC7CEA000FCEF6 /* Extensions.swift */,
			);
			path = Extensions;
			sourceTree = "<group>";
		};
		CDFD3C4623CC7D02000FCEF6 /* Models */ = {
			isa = PBXGroup;
			children = (
				CDFD3C4723CC7D15000FCEF6 /* User.swift */,
				CDFD3C4923CC7D64000FCEF6 /* Video.swift */,
				CD00457823E4E76A009CA522 /* PDF.swift */,
				CD00457A23E4E7AD009CA522 /* Content.swift */,
				CDE92D9623E5D49D004BB8BF /* Channel.swift */,
				CD2D76F723F35D030031E3F1 /* Playlist.swift */,
				CDDB99D4240593E900B79460 /* Wiki.swift */,
				CDDB99D62405941A00B79460 /* WikiChunk.swift */,
				CDDB99D82405943300B79460 /* WikiEntity.swift */,
			);
			path = Models;
			sourceTree = "<group>";
		};
		CDFD3C4B23CC7D8B000FCEF6 /* Helpers */ = {
			isa = PBXGroup;
			children = (
				CD35243324006EB70041034E /* Info.plist */,
				CDFD3C5423CC8AB0000FCEF6 /* LaunchView.xib */,
			);
			path = Helpers;
			sourceTree = "<group>";
		};
		CDFD6CFA2409D353005C4D8F /* MainViewCells */ = {
			isa = PBXGroup;
			children = (
				CDCC851A240C8B1B001DB380 /* SubscriptionsCell.swift */,
				CDCC8519240C8B1B001DB380 /* SubscriptionsChannelViewCell.swift */,
			);
			path = MainViewCells;
			sourceTree = "<group>";
		};
		F730808DC8A26C57249C203E /* Frameworks */ = {
			isa = PBXGroup;
			children = (
				855071D7BC1DED7D2BB41C4F /* libPods-x5gon-mobile.a */,
				EE69974D670D2716EDF8A4EF /* libPods-x5gon-mobileTests.a */,
			);
			name = Frameworks;
			sourceTree = "<group>";
		};
/* End PBXGroup section */

/* Begin PBXNativeTarget section */
		CDFD3BE723CC784C000FCEF6 /* x5gon-mobile */ = {
			isa = PBXNativeTarget;
			buildConfigurationList = CDFD3C1223CC7854000FCEF6 /* Build configuration list for PBXNativeTarget "x5gon-mobile" */;
			buildPhases = (
				47CD416D7F276FAD279E6D5C /* [CP] Check Pods Manifest.lock */,
				CDFD3BE423CC784C000FCEF6 /* Sources */,
				CDFD3BE523CC784C000FCEF6 /* Frameworks */,
				CDFD3BE623CC784C000FCEF6 /* Resources */,
			);
			buildRules = (
			);
			dependencies = (
			);
			name = "x5gon-mobile";
			productName = "x5gon-mobile";
			productReference = CDFD3BE823CC784C000FCEF6 /* x5gon-mobile.app */;
			productType = "com.apple.product-type.application";
		};
		CDFD3BFD23CC7854000FCEF6 /* x5gon-mobileTests */ = {
			isa = PBXNativeTarget;
			buildConfigurationList = CDFD3C1523CC7854000FCEF6 /* Build configuration list for PBXNativeTarget "x5gon-mobileTests" */;
			buildPhases = (
				02EB8802E414BD5C3D80A557 /* [CP] Check Pods Manifest.lock */,
				CDFD3BFA23CC7854000FCEF6 /* Sources */,
				CDFD3BFB23CC7854000FCEF6 /* Frameworks */,
				CDFD3BFC23CC7854000FCEF6 /* Resources */,
			);
			buildRules = (
			);
			dependencies = (
				CDFD3C0023CC7854000FCEF6 /* PBXTargetDependency */,
			);
			name = "x5gon-mobileTests";
			productName = "x5gon-mobileTests";
			productReference = CDFD3BFE23CC7854000FCEF6 /* x5gon-mobileTests.xctest */;
			productType = "com.apple.product-type.bundle.unit-test";
		};
		CDFD3C0823CC7854000FCEF6 /* x5gon-mobileUITests */ = {
			isa = PBXNativeTarget;
			buildConfigurationList = CDFD3C1823CC7854000FCEF6 /* Build configuration list for PBXNativeTarget "x5gon-mobileUITests" */;
			buildPhases = (
				CDFD3C0523CC7854000FCEF6 /* Sources */,
				CDFD3C0623CC7854000FCEF6 /* Frameworks */,
				CDFD3C0723CC7854000FCEF6 /* Resources */,
			);
			buildRules = (
			);
			dependencies = (
				CDFD3C0B23CC7854000FCEF6 /* PBXTargetDependency */,
			);
			name = "x5gon-mobileUITests";
			productName = "x5gon-mobileUITests";
			productReference = CDFD3C0923CC7854000FCEF6 /* x5gon-mobileUITests.xctest */;
			productType = "com.apple.product-type.bundle.ui-testing";
		};
/* End PBXNativeTarget section */

/* Begin PBXProject section */
		CDFD3BE023CC784C000FCEF6 /* Project object */ = {
			isa = PBXProject;
			attributes = {
				LastSwiftUpdateCheck = 1130;
				LastUpgradeCheck = 1130;
				ORGANIZATIONNAME = x5gon;
				TargetAttributes = {
					CDFD3BE723CC784C000FCEF6 = {
						CreatedOnToolsVersion = 11.3;
					};
					CDFD3BFD23CC7854000FCEF6 = {
						CreatedOnToolsVersion = 11.3;
						TestTargetID = CDFD3BE723CC784C000FCEF6;
					};
					CDFD3C0823CC7854000FCEF6 = {
						CreatedOnToolsVersion = 11.3;
						TestTargetID = CDFD3BE723CC784C000FCEF6;
					};
				};
			};
			buildConfigurationList = CDFD3BE323CC784C000FCEF6 /* Build configuration list for PBXProject "x5gon-mobile" */;
			compatibilityVersion = "Xcode 9.3";
			developmentRegion = en;
			hasScannedForEncodings = 0;
			knownRegions = (
				en,
				Base,
			);
			mainGroup = CDFD3BDF23CC784C000FCEF6;
			productRefGroup = CDFD3BE923CC784C000FCEF6 /* Products */;
			projectDirPath = "";
			projectRoot = "";
			targets = (
				CDFD3BE723CC784C000FCEF6 /* x5gon-mobile */,
				CDFD3BFD23CC7854000FCEF6 /* x5gon-mobileTests */,
				CDFD3C0823CC7854000FCEF6 /* x5gon-mobileUITests */,
			);
		};
/* End PBXProject section */

/* Begin PBXResourcesBuildPhase section */
		CDFD3BE623CC784C000FCEF6 /* Resources */ = {
			isa = PBXResourcesBuildPhase;
			buildActionMask = 2147483647;
			files = (
				CDFD3BF523CC7853000FCEF6 /* Preview Assets.xcassets in Resources */,
				CDFD3C5523CC8AB0000FCEF6 /* LaunchView.xib in Resources */,
				CDFD3BF223CC7853000FCEF6 /* Assets.xcassets in Resources */,
				CDFD3C1C23CC78B4000FCEF6 /* Main.storyboard in Resources */,
			);
			runOnlyForDeploymentPostprocessing = 0;
		};
		CDFD3BFC23CC7854000FCEF6 /* Resources */ = {
			isa = PBXResourcesBuildPhase;
			buildActionMask = 2147483647;
			files = (
			);
			runOnlyForDeploymentPostprocessing = 0;
		};
		CDFD3C0723CC7854000FCEF6 /* Resources */ = {
			isa = PBXResourcesBuildPhase;
			buildActionMask = 2147483647;
			files = (
			);
			runOnlyForDeploymentPostprocessing = 0;
		};
/* End PBXResourcesBuildPhase section */

/* Begin PBXShellScriptBuildPhase section */
		02EB8802E414BD5C3D80A557 /* [CP] Check Pods Manifest.lock */ = {
			isa = PBXShellScriptBuildPhase;
			buildActionMask = 2147483647;
			files = (
			);
			inputFileListPaths = (
			);
			inputPaths = (
				"${PODS_PODFILE_DIR_PATH}/Podfile.lock",
				"${PODS_ROOT}/Manifest.lock",
			);
			name = "[CP] Check Pods Manifest.lock";
			outputFileListPaths = (
			);
			outputPaths = (
				"$(DERIVED_FILE_DIR)/Pods-x5gon-mobileTests-checkManifestLockResult.txt",
			);
			runOnlyForDeploymentPostprocessing = 0;
			shellPath = /bin/sh;
			shellScript = "diff \"${PODS_PODFILE_DIR_PATH}/Podfile.lock\" \"${PODS_ROOT}/Manifest.lock\" > /dev/null\nif [ $? != 0 ] ; then\n    # print error to STDERR\n    echo \"error: The sandbox is not in sync with the Podfile.lock. Run 'pod install' or update your CocoaPods installation.\" >&2\n    exit 1\nfi\n# This output is used by Xcode 'outputs' to avoid re-running this script phase.\necho \"SUCCESS\" > \"${SCRIPT_OUTPUT_FILE_0}\"\n";
			showEnvVarsInLog = 0;
		};
		47CD416D7F276FAD279E6D5C /* [CP] Check Pods Manifest.lock */ = {
			isa = PBXShellScriptBuildPhase;
			buildActionMask = 2147483647;
			files = (
			);
			inputFileListPaths = (
			);
			inputPaths = (
				"${PODS_PODFILE_DIR_PATH}/Podfile.lock",
				"${PODS_ROOT}/Manifest.lock",
			);
			name = "[CP] Check Pods Manifest.lock";
			outputFileListPaths = (
			);
			outputPaths = (
				"$(DERIVED_FILE_DIR)/Pods-x5gon-mobile-checkManifestLockResult.txt",
			);
			runOnlyForDeploymentPostprocessing = 0;
			shellPath = /bin/sh;
			shellScript = "diff \"${PODS_PODFILE_DIR_PATH}/Podfile.lock\" \"${PODS_ROOT}/Manifest.lock\" > /dev/null\nif [ $? != 0 ] ; then\n    # print error to STDERR\n    echo \"error: The sandbox is not in sync with the Podfile.lock. Run 'pod install' or update your CocoaPods installation.\" >&2\n    exit 1\nfi\n# This output is used by Xcode 'outputs' to avoid re-running this script phase.\necho \"SUCCESS\" > \"${SCRIPT_OUTPUT_FILE_0}\"\n";
			showEnvVarsInLog = 0;
		};
/* End PBXShellScriptBuildPhase section */

/* Begin PBXSourcesBuildPhase section */
		CDFD3BE423CC784C000FCEF6 /* Sources */ = {
			isa = PBXSourcesBuildPhase;
			buildActionMask = 2147483647;
			files = (
				CD42D68F23F751D40048ADC5 /* TabBarCellCollectionViewCell.swift in Sources */,
				CD70063124093A1C00FB6135 /* UserHistoryView.swift in Sources */,
				CD0175332403103A0081A9AC /* playerNavigationView.swift in Sources */,
				CDFD3C4023CC7C9F000FCEF6 /* SearchView.swift in Sources */,
				CD318CAB23E78AFA0091017B /* Environment.swift in Sources */,
				CDFD3C3E23CC7C8E000FCEF6 /* TabBarView.swift in Sources */,
				CDA5D0AA23F3736200AA6902 /* API.swift in Sources */,
				CDC6643323F45536009A08FF /* MainController.swift in Sources */,
				CDFD3C4A23CC7D64000FCEF6 /* Video.swift in Sources */,
				CDDB99D72405941A00B79460 /* WikiChunk.swift in Sources */,
				CDDB99D92405943300B79460 /* WikiEntity.swift in Sources */,
				CDFD3C2F23CC7986000FCEF6 /* MainViewController.swift in Sources */,
				CDE92D9223E5D3CE004BB8BF /* headerCell.swift in Sources */,
				CDFD3C3923CC7C3F000FCEF6 /* UserViewController.swift in Sources */,
				CD48FAA223F80253004415E7 /* userHeaderCell.swift in Sources */,
				CDA5D0AB23F3736200AA6902 /* APIAdapter.swift in Sources */,
				CDFD3C4823CC7D15000FCEF6 /* User.swift in Sources */,
				CDFD3C2E23CC7986000FCEF6 /* NavViewController.swift in Sources */,
				CD00457B23E4E7AD009CA522 /* Content.swift in Sources */,
				CDFD3C3323CC7BEE000FCEF6 /* FeaturedViewController.swift in Sources */,
				CDE92D9523E5D42D004BB8BF /* suggestionContentCell.swift in Sources */,
				CDE92D9723E5D49D004BB8BF /* Channel.swift in Sources */,
				CDFD6CF92409D237005C4D8F /* userHistoryViewCell.swift in Sources */,
				CDFD3C4523CC7CEA000FCEF6 /* Extensions.swift in Sources */,
				CD00457923E4E76A009CA522 /* PDF.swift in Sources */,
				CD2D76F823F35D030031E3F1 /* Playlist.swift in Sources */,
				CD43131123F9FBFC00B5C620 /* X5LearnAdapter.swift in Sources */,
				CDE92D9023E5D396004BB8BF /* ContentCell.swift in Sources */,
				CDFD3BEC23CC784C000FCEF6 /* AppDelegate.swift in Sources */,
				CDCC851B240C8B1B001DB380 /* SubscriptionsChannelViewCell.swift in Sources */,
				CDDB99D5240593E900B79460 /* Wiki.swift in Sources */,
				CDDDD6D623F0B4E5003C1EE5 /* LoginView.swift in Sources */,
				CD48FAA623F8027E004415E7 /* userPlaylistCell.swift in Sources */,
				CDFD3C3123CC79F0000FCEF6 /* HomeViewController.swift in Sources */,
				CDFD3C3C23CC7C75000FCEF6 /* PlayerView.swift in Sources */,
				CDFD3C4223CC7CBD000FCEF6 /* SettingsView.swift in Sources */,
				CD43130F23F9FA3400B5C620 /* X5GONAPIAdapter.swift in Sources */,
				CDCC851C240C8B1B001DB380 /* SubscriptionsCell.swift in Sources */,
				CD7CBA3D23E96E1E003BF035 /* notesCell.swift in Sources */,
				CD48FAA423F8026F004415E7 /* userMenuCell.swift in Sources */,
				CDFD3C5123CC869F000FCEF6 /* SearchResultsViewController.swift in Sources */,
			);
			runOnlyForDeploymentPostprocessing = 0;
		};
		CDFD3BFA23CC7854000FCEF6 /* Sources */ = {
			isa = PBXSourcesBuildPhase;
			buildActionMask = 2147483647;
			files = (
				DCA928E3242973FB00A40E85 /* testChannelModel.swift in Sources */,
				DCA928E12429720900A40E85 /* testWikiEntity.swift in Sources */,
				DCA928EF2429986300A40E85 /* testX5LearnAPIAdapter.swift in Sources */,
				DCA928DB24295DB800A40E85 /* testVideoModel.swift in Sources */,
				DCA928DD2429655100A40E85 /* testContentModel.swift in Sources */,
				DCA928ED242993F200A40E85 /* testX5GONApiAdapter.swift in Sources */,
				DCA928D92429565000A40E85 /* testUserModel.swift in Sources */,
				DCA928EB24298C6400A40E85 /* testAPI.swift in Sources */,
				DCA928E52429785A00A40E85 /* testPlaylistModel.swift in Sources */,
				DCA928DF242970C700A40E85 /* testPdfModel.swift in Sources */,
				CDFD3C0323CC7854000FCEF6 /* x5gon_mobileTests.swift in Sources */,
			);
			runOnlyForDeploymentPostprocessing = 0;
		};
		CDFD3C0523CC7854000FCEF6 /* Sources */ = {
			isa = PBXSourcesBuildPhase;
			buildActionMask = 2147483647;
			files = (
				CDFD3C0E23CC7854000FCEF6 /* x5gon_mobileUITests.swift in Sources */,
			);
			runOnlyForDeploymentPostprocessing = 0;
		};
/* End PBXSourcesBuildPhase section */

/* Begin PBXTargetDependency section */
		CDFD3C0023CC7854000FCEF6 /* PBXTargetDependency */ = {
			isa = PBXTargetDependency;
			target = CDFD3BE723CC784C000FCEF6 /* x5gon-mobile */;
			targetProxy = CDFD3BFF23CC7854000FCEF6 /* PBXContainerItemProxy */;
		};
		CDFD3C0B23CC7854000FCEF6 /* PBXTargetDependency */ = {
			isa = PBXTargetDependency;
			target = CDFD3BE723CC784C000FCEF6 /* x5gon-mobile */;
			targetProxy = CDFD3C0A23CC7854000FCEF6 /* PBXContainerItemProxy */;
		};
/* End PBXTargetDependency section */

/* Begin XCBuildConfiguration section */
		CDFD3C1023CC7854000FCEF6 /* Debug */ = {
			isa = XCBuildConfiguration;
			buildSettings = {
				ALWAYS_SEARCH_USER_PATHS = NO;
				CLANG_ANALYZER_NONNULL = YES;
				CLANG_ANALYZER_NUMBER_OBJECT_CONVERSION = YES_AGGRESSIVE;
				CLANG_CXX_LANGUAGE_STANDARD = "gnu++14";
				CLANG_CXX_LIBRARY = "libc++";
				CLANG_ENABLE_MODULES = YES;
				CLANG_ENABLE_OBJC_ARC = YES;
				CLANG_ENABLE_OBJC_WEAK = YES;
				CLANG_WARN_BLOCK_CAPTURE_AUTORELEASING = YES;
				CLANG_WARN_BOOL_CONVERSION = YES;
				CLANG_WARN_COMMA = YES;
				CLANG_WARN_CONSTANT_CONVERSION = YES;
				CLANG_WARN_DEPRECATED_OBJC_IMPLEMENTATIONS = YES;
				CLANG_WARN_DIRECT_OBJC_ISA_USAGE = YES_ERROR;
				CLANG_WARN_DOCUMENTATION_COMMENTS = YES;
				CLANG_WARN_EMPTY_BODY = YES;
				CLANG_WARN_ENUM_CONVERSION = YES;
				CLANG_WARN_INFINITE_RECURSION = YES;
				CLANG_WARN_INT_CONVERSION = YES;
				CLANG_WARN_NON_LITERAL_NULL_CONVERSION = YES;
				CLANG_WARN_OBJC_IMPLICIT_RETAIN_SELF = YES;
				CLANG_WARN_OBJC_LITERAL_CONVERSION = YES;
				CLANG_WARN_OBJC_ROOT_CLASS = YES_ERROR;
				CLANG_WARN_RANGE_LOOP_ANALYSIS = YES;
				CLANG_WARN_STRICT_PROTOTYPES = YES;
				CLANG_WARN_SUSPICIOUS_MOVE = YES;
				CLANG_WARN_UNGUARDED_AVAILABILITY = YES_AGGRESSIVE;
				CLANG_WARN_UNREACHABLE_CODE = YES;
				CLANG_WARN__DUPLICATE_METHOD_MATCH = YES;
				COPY_PHASE_STRIP = NO;
				DEBUG_INFORMATION_FORMAT = dwarf;
				ENABLE_STRICT_OBJC_MSGSEND = YES;
				ENABLE_TESTABILITY = YES;
				GCC_C_LANGUAGE_STANDARD = gnu11;
				GCC_DYNAMIC_NO_PIC = NO;
				GCC_NO_COMMON_BLOCKS = YES;
				GCC_OPTIMIZATION_LEVEL = 0;
				GCC_PREPROCESSOR_DEFINITIONS = (
					"DEBUG=1",
					"$(inherited)",
				);
				GCC_WARN_64_TO_32_BIT_CONVERSION = YES;
				GCC_WARN_ABOUT_RETURN_TYPE = YES_ERROR;
				GCC_WARN_UNDECLARED_SELECTOR = YES;
				GCC_WARN_UNINITIALIZED_AUTOS = YES_AGGRESSIVE;
				GCC_WARN_UNUSED_FUNCTION = YES;
				GCC_WARN_UNUSED_VARIABLE = YES;
				IPHONEOS_DEPLOYMENT_TARGET = 13.2;
				MTL_ENABLE_DEBUG_INFO = INCLUDE_SOURCE;
				MTL_FAST_MATH = YES;
				ONLY_ACTIVE_ARCH = YES;
				SDKROOT = iphoneos;
				SWIFT_ACTIVE_COMPILATION_CONDITIONS = DEBUG;
				SWIFT_OPTIMIZATION_LEVEL = "-Onone";
			};
			name = Debug;
		};
		CDFD3C1123CC7854000FCEF6 /* Release */ = {
			isa = XCBuildConfiguration;
			buildSettings = {
				ALWAYS_SEARCH_USER_PATHS = NO;
				CLANG_ANALYZER_NONNULL = YES;
				CLANG_ANALYZER_NUMBER_OBJECT_CONVERSION = YES_AGGRESSIVE;
				CLANG_CXX_LANGUAGE_STANDARD = "gnu++14";
				CLANG_CXX_LIBRARY = "libc++";
				CLANG_ENABLE_MODULES = YES;
				CLANG_ENABLE_OBJC_ARC = YES;
				CLANG_ENABLE_OBJC_WEAK = YES;
				CLANG_WARN_BLOCK_CAPTURE_AUTORELEASING = YES;
				CLANG_WARN_BOOL_CONVERSION = YES;
				CLANG_WARN_COMMA = YES;
				CLANG_WARN_CONSTANT_CONVERSION = YES;
				CLANG_WARN_DEPRECATED_OBJC_IMPLEMENTATIONS = YES;
				CLANG_WARN_DIRECT_OBJC_ISA_USAGE = YES_ERROR;
				CLANG_WARN_DOCUMENTATION_COMMENTS = YES;
				CLANG_WARN_EMPTY_BODY = YES;
				CLANG_WARN_ENUM_CONVERSION = YES;
				CLANG_WARN_INFINITE_RECURSION = YES;
				CLANG_WARN_INT_CONVERSION = YES;
				CLANG_WARN_NON_LITERAL_NULL_CONVERSION = YES;
				CLANG_WARN_OBJC_IMPLICIT_RETAIN_SELF = YES;
				CLANG_WARN_OBJC_LITERAL_CONVERSION = YES;
				CLANG_WARN_OBJC_ROOT_CLASS = YES_ERROR;
				CLANG_WARN_RANGE_LOOP_ANALYSIS = YES;
				CLANG_WARN_STRICT_PROTOTYPES = YES;
				CLANG_WARN_SUSPICIOUS_MOVE = YES;
				CLANG_WARN_UNGUARDED_AVAILABILITY = YES_AGGRESSIVE;
				CLANG_WARN_UNREACHABLE_CODE = YES;
				CLANG_WARN__DUPLICATE_METHOD_MATCH = YES;
				COPY_PHASE_STRIP = NO;
				DEBUG_INFORMATION_FORMAT = "dwarf-with-dsym";
				ENABLE_NS_ASSERTIONS = NO;
				ENABLE_STRICT_OBJC_MSGSEND = YES;
				GCC_C_LANGUAGE_STANDARD = gnu11;
				GCC_NO_COMMON_BLOCKS = YES;
				GCC_WARN_64_TO_32_BIT_CONVERSION = YES;
				GCC_WARN_ABOUT_RETURN_TYPE = YES_ERROR;
				GCC_WARN_UNDECLARED_SELECTOR = YES;
				GCC_WARN_UNINITIALIZED_AUTOS = YES_AGGRESSIVE;
				GCC_WARN_UNUSED_FUNCTION = YES;
				GCC_WARN_UNUSED_VARIABLE = YES;
				IPHONEOS_DEPLOYMENT_TARGET = 13.2;
				MTL_ENABLE_DEBUG_INFO = NO;
				MTL_FAST_MATH = YES;
				SDKROOT = iphoneos;
				SWIFT_COMPILATION_MODE = wholemodule;
				SWIFT_OPTIMIZATION_LEVEL = "-O";
				VALIDATE_PRODUCT = YES;
			};
			name = Release;
		};
		CDFD3C1323CC7854000FCEF6 /* Debug */ = {
			isa = XCBuildConfiguration;
			baseConfigurationReference = 01FEECE77A4C8C131A415A86 /* Pods-x5gon-mobile.debug.xcconfig */;
			buildSettings = {
				ASSETCATALOG_COMPILER_APPICON_NAME = AppIcon;
				CODE_SIGN_STYLE = Automatic;
				DEVELOPMENT_ASSET_PATHS = "\"x5gon-mobile/Preview Content\"";
				DEVELOPMENT_TEAM = 3WCU9HL8VZ;
				ENABLE_PREVIEWS = YES;
				INFOPLIST_FILE = "x5gon-mobile/Helpers/Info.plist";
				IPHONEOS_DEPLOYMENT_TARGET = 13.2;
				LD_RUNPATH_SEARCH_PATHS = (
					"$(inherited)",
					"@executable_path/Frameworks",
				);
				PRODUCT_BUNDLE_IDENTIFIER = "x5gon.x5gon-mobile";
				PRODUCT_NAME = "$(TARGET_NAME)";
				SWIFT_VERSION = 5.0;
				TARGETED_DEVICE_FAMILY = "1,2";
			};
			name = Debug;
		};
		CDFD3C1423CC7854000FCEF6 /* Release */ = {
			isa = XCBuildConfiguration;
			baseConfigurationReference = 99BCE8FA627D1E8B4FCB577C /* Pods-x5gon-mobile.release.xcconfig */;
			buildSettings = {
				ASSETCATALOG_COMPILER_APPICON_NAME = AppIcon;
				CODE_SIGN_STYLE = Automatic;
				DEVELOPMENT_ASSET_PATHS = "\"x5gon-mobile/Preview Content\"";
				DEVELOPMENT_TEAM = 3WCU9HL8VZ;
				ENABLE_PREVIEWS = YES;
				INFOPLIST_FILE = "x5gon-mobile/Helpers/Info.plist";
				IPHONEOS_DEPLOYMENT_TARGET = 13.2;
				LD_RUNPATH_SEARCH_PATHS = (
					"$(inherited)",
					"@executable_path/Frameworks",
				);
				PRODUCT_BUNDLE_IDENTIFIER = "x5gon.x5gon-mobile";
				PRODUCT_NAME = "$(TARGET_NAME)";
				SWIFT_VERSION = 5.0;
				TARGETED_DEVICE_FAMILY = "1,2";
			};
			name = Release;
		};
		CDFD3C1623CC7854000FCEF6 /* Debug */ = {
			isa = XCBuildConfiguration;
			baseConfigurationReference = 891E09ECB864124D84DBEF15 /* Pods-x5gon-mobileTests.debug.xcconfig */;
			buildSettings = {
				ALWAYS_EMBED_SWIFT_STANDARD_LIBRARIES = YES;
				BUNDLE_LOADER = "$(TEST_HOST)";
				CODE_SIGN_STYLE = Automatic;
				INFOPLIST_FILE = "x5gon-mobileTests/Info.plist";
				IPHONEOS_DEPLOYMENT_TARGET = 13.2;
				LD_RUNPATH_SEARCH_PATHS = (
					"$(inherited)",
					"@executable_path/Frameworks",
					"@loader_path/Frameworks",
				);
				PRODUCT_BUNDLE_IDENTIFIER = "x5gon.x5gon-mobileTests";
				PRODUCT_NAME = "$(TARGET_NAME)";
				SWIFT_VERSION = 5.0;
				TARGETED_DEVICE_FAMILY = "1,2";
				TEST_HOST = "$(BUILT_PRODUCTS_DIR)/x5gon-mobile.app/x5gon-mobile";
			};
			name = Debug;
		};
		CDFD3C1723CC7854000FCEF6 /* Release */ = {
			isa = XCBuildConfiguration;
			baseConfigurationReference = C50182675ACCFEE026BA5645 /* Pods-x5gon-mobileTests.release.xcconfig */;
			buildSettings = {
				ALWAYS_EMBED_SWIFT_STANDARD_LIBRARIES = YES;
				BUNDLE_LOADER = "$(TEST_HOST)";
				CODE_SIGN_STYLE = Automatic;
				INFOPLIST_FILE = "x5gon-mobileTests/Info.plist";
				IPHONEOS_DEPLOYMENT_TARGET = 13.2;
				LD_RUNPATH_SEARCH_PATHS = (
					"$(inherited)",
					"@executable_path/Frameworks",
					"@loader_path/Frameworks",
				);
				PRODUCT_BUNDLE_IDENTIFIER = "x5gon.x5gon-mobileTests";
				PRODUCT_NAME = "$(TARGET_NAME)";
				SWIFT_VERSION = 5.0;
				TARGETED_DEVICE_FAMILY = "1,2";
				TEST_HOST = "$(BUILT_PRODUCTS_DIR)/x5gon-mobile.app/x5gon-mobile";
			};
			name = Release;
		};
		CDFD3C1923CC7854000FCEF6 /* Debug */ = {
			isa = XCBuildConfiguration;
			buildSettings = {
				ALWAYS_EMBED_SWIFT_STANDARD_LIBRARIES = YES;
				CODE_SIGN_STYLE = Automatic;
				INFOPLIST_FILE = "x5gon-mobileUITests/Info.plist";
				LD_RUNPATH_SEARCH_PATHS = (
					"$(inherited)",
					"@executable_path/Frameworks",
					"@loader_path/Frameworks",
				);
				PRODUCT_BUNDLE_IDENTIFIER = "x5gon.x5gon-mobileUITests";
				PRODUCT_NAME = "$(TARGET_NAME)";
				SWIFT_VERSION = 5.0;
				TARGETED_DEVICE_FAMILY = "1,2";
				TEST_TARGET_NAME = "x5gon-mobile";
			};
			name = Debug;
		};
		CDFD3C1A23CC7854000FCEF6 /* Release */ = {
			isa = XCBuildConfiguration;
			buildSettings = {
				ALWAYS_EMBED_SWIFT_STANDARD_LIBRARIES = YES;
				CODE_SIGN_STYLE = Automatic;
				INFOPLIST_FILE = "x5gon-mobileUITests/Info.plist";
				LD_RUNPATH_SEARCH_PATHS = (
					"$(inherited)",
					"@executable_path/Frameworks",
					"@loader_path/Frameworks",
				);
				PRODUCT_BUNDLE_IDENTIFIER = "x5gon.x5gon-mobileUITests";
				PRODUCT_NAME = "$(TARGET_NAME)";
				SWIFT_VERSION = 5.0;
				TARGETED_DEVICE_FAMILY = "1,2";
				TEST_TARGET_NAME = "x5gon-mobile";
			};
			name = Release;
		};
/* End XCBuildConfiguration section */

/* Begin XCConfigurationList section */
		CDFD3BE323CC784C000FCEF6 /* Build configuration list for PBXProject "x5gon-mobile" */ = {
			isa = XCConfigurationList;
			buildConfigurations = (
				CDFD3C1023CC7854000FCEF6 /* Debug */,
				CDFD3C1123CC7854000FCEF6 /* Release */,
			);
			defaultConfigurationIsVisible = 0;
			defaultConfigurationName = Release;
		};
		CDFD3C1223CC7854000FCEF6 /* Build configuration list for PBXNativeTarget "x5gon-mobile" */ = {
			isa = XCConfigurationList;
			buildConfigurations = (
				CDFD3C1323CC7854000FCEF6 /* Debug */,
				CDFD3C1423CC7854000FCEF6 /* Release */,
			);
			defaultConfigurationIsVisible = 0;
			defaultConfigurationName = Release;
		};
		CDFD3C1523CC7854000FCEF6 /* Build configuration list for PBXNativeTarget "x5gon-mobileTests" */ = {
			isa = XCConfigurationList;
			buildConfigurations = (
				CDFD3C1623CC7854000FCEF6 /* Debug */,
				CDFD3C1723CC7854000FCEF6 /* Release */,
			);
			defaultConfigurationIsVisible = 0;
			defaultConfigurationName = Release;
		};
		CDFD3C1823CC7854000FCEF6 /* Build configuration list for PBXNativeTarget "x5gon-mobileUITests" */ = {
			isa = XCConfigurationList;
			buildConfigurations = (
				CDFD3C1923CC7854000FCEF6 /* Debug */,
				CDFD3C1A23CC7854000FCEF6 /* Release */,
			);
			defaultConfigurationIsVisible = 0;
			defaultConfigurationName = Release;
		};
/* End XCConfigurationList section */
	};
	rootObject = CDFD3BE023CC784C000FCEF6 /* Project object */;
}
